
Microsoft Visual Studio Solution File, Format Version 12.00
# Visual Studio 2017
Project("{FAE04EC0-301F-11D3-BF4B-00C04F79EFBC}") = "car_chase", "car_chase.csproj", "{EC381E96-D9E9-22A2-9CF6-B6D73C8A5BDF}"
EndProject
Global
	GlobalSection(SolutionConfigurationPlatforms) = preSolution
		Debug|Any CPU = Debug|Any CPU
		Release|Any CPU = Release|Any CPU
	EndGlobalSection
	GlobalSection(ProjectConfigurationPlatforms) = postSolution
		{EC381E96-D9E9-22A2-9CF6-B6D73C8A5BDF}.Debug|Any CPU.ActiveCfg = Debug|Any CPU
		{EC381E96-D9E9-22A2-9CF6-B6D73C8A5BDF}.Debug|Any CPU.Build.0 = Debug|Any CPU
		{EC381E96-D9E9-22A2-9CF6-B6D73C8A5BDF}.Release|Any CPU.ActiveCfg = Release|Any CPU
		{EC381E96-D9E9-22A2-9CF6-B6D73C8A5BDF}.Release|Any CPU.Build.0 = Release|Any CPU
	EndGlobalSection
	GlobalSection(SolutionProperties) = preSolution
		HideSolutionNode = FALSE
	EndGlobalSection
EndGlobal
